{
  "name": "msgraph_api",
  "version": "1.0.0",
  "lockfileVersion": 1,
  "requires": true,
  "dependencies": {
    "@azure/abort-controller": {
      "version": "1.1.0",
      "resolved": "https://registry.npmjs.org/@azure/abort-controller/-/abort-controller-1.1.0.tgz",
      "integrity": "sha512-TrRLIoSQVzfAJX9H1JeFjzAoDGcoK1IYX1UImfceTZpsyYfWr09Ss1aHW1y5TrrR3iq6RZLBwJ3E24uwPhwahw==",
      "requires": {
        "tslib": "^2.2.0"
      }
    },
    "@azure/core-auth": {
      "version": "1.5.0",
      "resolved": "https://registry.npmjs.org/@azure/core-auth/-/core-auth-1.5.0.tgz",
      "integrity": "sha512-udzoBuYG1VBoHVohDTrvKjyzel34zt77Bhp7dQntVGGD0ehVq48owENbBG8fIgkHRNUBQH5k1r0hpoMu5L8+kw==",
      "requires": {
        "@azure/abort-controller": "^1.0.0",
        "@azure/core-util": "^1.1.0",
        "tslib": "^2.2.0"
      }
    },
    "@azure/core-client": {
      "version": "1.7.3",
      "resolved": "https://registry.npmjs.org/@azure/core-client/-/core-client-1.7.3.tgz",
      "integrity": "sha512-kleJ1iUTxcO32Y06dH9Pfi9K4U+Tlb111WXEnbt7R/ne+NLRwppZiTGJuTD5VVoxTMK5NTbEtm5t2vcdNCFe2g==",
      "requires": {
        "@azure/abort-controller": "^1.0.0",
        "@azure/core-auth": "^1.4.0",
        "@azure/core-rest-pipeline": "^1.9.1",
        "@azure/core-tracing": "^1.0.0",
        "@azure/core-util": "^1.0.0",
        "@azure/logger": "^1.0.0",
        "tslib": "^2.2.0"
      }
    },
    "@azure/core-rest-pipeline": {
      "version": "1.12.2",
      "resolved": "https://registry.npmjs.org/@azure/core-rest-pipeline/-/core-rest-pipeline-1.12.2.tgz",
      "integrity": "sha512-wLLJQdL4v1yoqYtEtjKNjf8pJ/G/BqVomAWxcKOR1KbZJyCEnCv04yks7Y1NhJ3JzxbDs307W67uX0JzklFdCg==",
      "requires": {
        "@azure/abort-controller": "^1.0.0",
        "@azure/core-auth": "^1.4.0",
        "@azure/core-tracing": "^1.0.1",
        "@azure/core-util": "^1.3.0",
        "@azure/logger": "^1.0.0",
        "form-data": "^4.0.0",
        "http-proxy-agent": "^5.0.0",
        "https-proxy-agent": "^5.0.0",
        "tslib": "^2.2.0"
      }
    },
    "@azure/core-tracing": {
      "version": "1.0.1",
      "resolved": "https://registry.npmjs.org/@azure/core-tracing/-/core-tracing-1.0.1.tgz",
      "integrity": "sha512-I5CGMoLtX+pI17ZdiFJZgxMJApsK6jjfm85hpgp3oazCdq5Wxgh4wMr7ge/TTWW1B5WBuvIOI1fMU/FrOAMKrw==",
      "requires": {
        "tslib": "^2.2.0"
      }
    },
    "@azure/core-util": {
      "version": "1.6.1",
      "resolved": "https://registry.npmjs.org/@azure/core-util/-/core-util-1.6.1.tgz",
      "integrity": "sha512-h5taHeySlsV9qxuK64KZxy4iln1BtMYlNt5jbuEFN3UFSAd1EwKg/Gjl5a6tZ/W8t6li3xPnutOx7zbDyXnPmQ==",
      "requires": {
        "@azure/abort-controller": "^1.0.0",
        "tslib": "^2.2.0"
      }
    },
    "@azure/identity": {
      "version": "4.0.0",
      "resolved": "https://registry.npmjs.org/@azure/identity/-/identity-4.0.0.tgz",
      "integrity": "sha512-gtPYxIL0kI39Dw4t3HvlbfhOdXqKD2MqDgynlklF0j728j51dcKgRo6FLX0QzpBw/1gGfLxjMXqq3nKOSQ2lmA==",
      "requires": {
        "@azure/abort-controller": "^1.0.0",
        "@azure/core-auth": "^1.5.0",
        "@azure/core-client": "^1.4.0",
        "@azure/core-rest-pipeline": "^1.1.0",
        "@azure/core-tracing": "^1.0.0",
        "@azure/core-util": "^1.0.0",
        "@azure/logger": "^1.0.0",
        "@azure/msal-browser": "^3.5.0",
        "@azure/msal-node": "^2.5.1",
        "events": "^3.0.0",
        "jws": "^4.0.0",
        "open": "^8.0.0",
        "stoppable": "^1.1.0",
        "tslib": "^2.2.0"
      }
    },
    "@azure/logger": {
      "version": "1.0.4",
      "resolved": "https://registry.npmjs.org/@azure/logger/-/logger-1.0.4.tgz",
      "integrity": "sha512-ustrPY8MryhloQj7OWGe+HrYx+aoiOxzbXTtgblbV3xwCqpzUK36phH3XNHQKj3EPonyFUuDTfR3qFhTEAuZEg==",
      "requires": {
        "tslib": "^2.2.0"
      }
    },
    "@azure/msal-browser": {
      "version": "3.5.0",
      "resolved": "https://registry.npmjs.org/@azure/msal-browser/-/msal-browser-3.5.0.tgz",
      "integrity": "sha512-2NtMuel4CI3UEelCPKkNRXgKzpWEX48fvxIvPz7s0/sTcCaI08r05IOkH2GkXW+czUOtuY6+oGafJCpumnjRLg==",
      "requires": {
        "@azure/msal-common": "14.4.0"
      }
    },
    "@azure/msal-common": {
      "version": "14.4.0",
      "resolved": "https://registry.npmjs.org/@azure/msal-common/-/msal-common-14.4.0.tgz",
      "integrity": "sha512-ffCymScQuMKVj+YVfwNI52A5Tu+uiZO2eTf+c+3TXxdAssks4nokJhtr+uOOMxH0zDi6d1OjFKFKeXODK0YLSg=="
    },
    "@azure/msal-node": {
      "version": "2.5.1",
      "resolved": "https://registry.npmjs.org/@azure/msal-node/-/msal-node-2.5.1.tgz",
      "integrity": "sha512-PsPRISqCG253HQk1cAS7eJW7NWTbnBGpG+vcGGz5z4JYRdnM2EIXlj1aBpXCdozenEPtXEVvHn2ELleW1w82nQ==",
      "requires": {
        "@azure/msal-common": "14.4.0",
        "jsonwebtoken": "^9.0.0",
        "uuid": "^8.3.0"
      }
    },
    "@babel/runtime": {
      "version": "7.23.4",
      "resolved": "https://registry.npmjs.org/@babel/runtime/-/runtime-7.23.4.tgz",
      "integrity": "sha512-2Yv65nlWnWlSpe3fXEyX5i7fx5kIKo4Qbcj+hMO0odwaneFjfXw5fdum+4yL20O0QiaHpia0cYQ9xpNMqrBwHg==",
      "requires": {
        "regenerator-runtime": "^0.14.0"
      }
    },
    "@laufire/utils": {
      "version": "3.0.0-0",
      "resolved": "https://registry.npmjs.org/@laufire/utils/-/utils-3.0.0-0.tgz",
      "integrity": "sha512-NQK/odg5weAAG9UqFhibSfW0BLgGcT+H7yNc82jEbqfToCyJL0SBI40pB34HqlF850IhKRUQ6uBFA6Ip6K66ww==",
      "requires": {
        "@babel/runtime": "^7.14.0",
        "fsevents": "^2.3.2"
      }
    },
    "@microsoft/microsoft-graph-client": {
      "version": "3.0.7",
      "resolved": "https://registry.npmjs.org/@microsoft/microsoft-graph-client/-/microsoft-graph-client-3.0.7.tgz",
      "integrity": "sha512-/AazAV/F+HK4LIywF9C+NYHcJo038zEnWkteilcxC1FM/uK/4NVGDKGrxx7nNq1ybspAroRKT4I1FHfxQzxkUw==",
      "requires": {
        "@babel/runtime": "^7.12.5",
        "tslib": "^2.2.0"
      }
    },
    "@selderee/plugin-htmlparser2": {
      "version": "0.11.0",
      "resolved": "https://registry.npmjs.org/@selderee/plugin-htmlparser2/-/plugin-htmlparser2-0.11.0.tgz",
      "integrity": "sha512-P33hHGdldxGabLFjPPpaTxVolMrzrcegejx+0GxjrIb9Zv48D8yAIA/QTDR2dFl7Uz7urX8aX6+5bCZslr+gWQ==",
      "requires": {
        "domhandler": "^5.0.3",
        "selderee": "^0.11.0"
      }
    },
    "@tootallnate/once": {
      "version": "2.0.0",
      "resolved": "https://registry.npmjs.org/@tootallnate/once/-/once-2.0.0.tgz",
      "integrity": "sha512-XCuKFP5PS55gnMVu3dty8KPatLqUoy/ZYzDzAGCQ8JNFCkLXzmI7vNHCR+XpbZaMWQK/vQubr7PkYq8g470J/A=="
    },
    "adler-32": {
      "version": "1.3.1",
      "resolved": "https://registry.npmjs.org/adler-32/-/adler-32-1.3.1.tgz",
      "integrity": "sha512-ynZ4w/nUUv5rrsR8UUGoe1VC9hZj6V5hU9Qw1HlMDJGEJw5S7TfTErWTjMys6M7vr0YWcPqs3qAr4ss0nDfP+A=="
    },
    "agent-base": {
      "version": "6.0.2",
      "resolved": "https://registry.npmjs.org/agent-base/-/agent-base-6.0.2.tgz",
      "integrity": "sha512-RZNwNclF7+MS/8bDg70amg32dyeZGZxiDuQmZxKLAlQjr3jGyLx+4Kkk58UO7D2QdgFIQCovuSuZESne6RG6XQ==",
      "requires": {
        "debug": "4"
      }
    },
    "asynckit": {
      "version": "0.4.0",
      "resolved": "https://registry.npmjs.org/asynckit/-/asynckit-0.4.0.tgz",
      "integrity": "sha512-Oei9OH4tRh0YqU3GxhX79dM/mwVgvbZJaSNaRk+bshkj0S5cfHcgYakreBjrHwatXKbz+IoIdYLxrKim2MjW0Q=="
    },
    "buffer-equal-constant-time": {
      "version": "1.0.1",
      "resolved": "https://registry.npmjs.org/buffer-equal-constant-time/-/buffer-equal-constant-time-1.0.1.tgz",
      "integrity": "sha512-zRpUiDwd/xk6ADqPMATG8vc9VPrkck7T07OIx0gnjmJAnHnTVXNQG3vfvWNuiZIkwu9KrKdA1iJKfsfTVxE6NA=="
    },
    "cfb": {
      "version": "1.2.2",
      "resolved": "https://registry.npmjs.org/cfb/-/cfb-1.2.2.tgz",
      "integrity": "sha512-KfdUZsSOw19/ObEWasvBP/Ac4reZvAGauZhs6S/gqNhXhI7cKwvlH7ulj+dOEYnca4bm4SGo8C1bTAQvnTjgQA==",
      "requires": {
        "adler-32": "~1.3.0",
        "crc-32": "~1.2.0"
      }
    },
    "cli-table": {
      "version": "0.3.11",
      "resolved": "https://registry.npmjs.org/cli-table/-/cli-table-0.3.11.tgz",
      "integrity": "sha512-IqLQi4lO0nIB4tcdTpN4LCB9FI3uqrJZK7RC515EnhZ6qBaglkIgICb1wjeAqpdoOabm1+SuQtkXIPdYC93jhQ==",
      "requires": {
        "colors": "1.0.3"
      }
    },
    "codepage": {
      "version": "1.15.0",
      "resolved": "https://registry.npmjs.org/codepage/-/codepage-1.15.0.tgz",
      "integrity": "sha512-3g6NUTPd/YtuuGrhMnOMRjFc+LJw/bnMp3+0r/Wcz3IXUuCosKRJvMphm5+Q+bvTVGcJJuRvVLuYba+WojaFaA=="
    },
    "colors": {
      "version": "1.0.3",
      "resolved": "https://registry.npmjs.org/colors/-/colors-1.0.3.tgz",
      "integrity": "sha512-pFGrxThWcWQ2MsAz6RtgeWe4NK2kUE1WfsrvvlctdII745EW9I0yflqhe7++M5LEc7bV2c/9/5zc8sFcpL0Drw=="
    },
    "combined-stream": {
      "version": "1.0.8",
      "resolved": "https://registry.npmjs.org/combined-stream/-/combined-stream-1.0.8.tgz",
      "integrity": "sha512-FQN4MRfuJeHf7cBbBMJFXhKSDq+2kAArBlmRBvcvFE5BB1HZKXtSFASDhdlz9zOYwxh8lDdnvmMOe/+5cdoEdg==",
      "requires": {
        "delayed-stream": "~1.0.0"
      }
    },
    "commander": {
      "version": "2.20.3",
      "resolved": "https://registry.npmjs.org/commander/-/commander-2.20.3.tgz",
      "integrity": "sha512-GpVkmM8vF2vQUkj2LvZmD35JxeJOLCwJ9cUkugyk2nuhbv3+mJvpLYYt+0+USMxE+oj+ey/lJEnhZw75x/OMcQ=="
    },
    "crc-32": {
      "version": "1.2.2",
      "resolved": "https://registry.npmjs.org/crc-32/-/crc-32-1.2.2.tgz",
      "integrity": "sha512-ROmzCKrTnOwybPcJApAA6WBWij23HVfGVNKqqrZpuyZOHqK2CwHSvpGuyt/UNNvaIjEd8X5IFGp4Mh+Ie1IHJQ=="
    },
    "dayjs": {
      "version": "1.11.10",
      "resolved": "https://registry.npmjs.org/dayjs/-/dayjs-1.11.10.tgz",
      "integrity": "sha512-vjAczensTgRcqDERK0SR2XMwsF/tSvnvlv6VcF2GIhg6Sx4yOIt/irsr1RDJsKiIyBzJDpCoXiWWq28MqH2cnQ=="
    },
    "debug": {
      "version": "4.3.4",
      "resolved": "https://registry.npmjs.org/debug/-/debug-4.3.4.tgz",
      "integrity": "sha512-PRWFHuSU3eDtQJPvnNY7Jcket1j0t5OuOsFzPPzsekD52Zl8qUfFIPEiswXqIvHWGVHOgX+7G/vCNNhehwxfkQ==",
      "requires": {
        "ms": "2.1.2"
      }
    },
    "deepmerge": {
      "version": "4.3.1",
      "resolved": "https://registry.npmjs.org/deepmerge/-/deepmerge-4.3.1.tgz",
      "integrity": "sha512-3sUqbMEc77XqpdNO7FRyRog+eW3ph+GYCbj+rK+uYyRMuwsVy0rMiVtPn+QJlKFvWP/1PYpapqYn0Me2knFn+A=="
    },
    "define-lazy-prop": {
      "version": "2.0.0",
      "resolved": "https://registry.npmjs.org/define-lazy-prop/-/define-lazy-prop-2.0.0.tgz",
      "integrity": "sha512-Ds09qNh8yw3khSjiJjiUInaGX9xlqZDY7JVryGxdxV7NPeuqQfplOpQ66yJFZut3jLa5zOwkXw1g9EI2uKh4Og=="
    },
    "delayed-stream": {
      "version": "1.0.0",
      "resolved": "https://registry.npmjs.org/delayed-stream/-/delayed-stream-1.0.0.tgz",
      "integrity": "sha512-ZySD7Nf91aLB0RxL4KGrKHBXl7Eds1DAmEdcoVawXnLD7SDhpNgtuII2aAkg7a7QS41jxPSZ17p4VdGnMHk3MQ=="
    },
    "dom-serializer": {
      "version": "2.0.0",
      "resolved": "https://registry.npmjs.org/dom-serializer/-/dom-serializer-2.0.0.tgz",
      "integrity": "sha512-wIkAryiqt/nV5EQKqQpo3SToSOV9J0DnbJqwK7Wv/Trc92zIAYZ4FlMu+JPFW1DfGFt81ZTCGgDEabffXeLyJg==",
      "requires": {
        "domelementtype": "^2.3.0",
        "domhandler": "^5.0.2",
        "entities": "^4.2.0"
      }
    },
    "domelementtype": {
      "version": "2.3.0",
      "resolved": "https://registry.npmjs.org/domelementtype/-/domelementtype-2.3.0.tgz",
      "integrity": "sha512-OLETBj6w0OsagBwdXnPdN0cnMfF9opN69co+7ZrbfPGrdpPVNBUj02spi6B1N7wChLQiPn4CSH/zJvXw56gmHw=="
    },
    "domhandler": {
      "version": "5.0.3",
      "resolved": "https://registry.npmjs.org/domhandler/-/domhandler-5.0.3.tgz",
      "integrity": "sha512-cgwlv/1iFQiFnU96XXgROh8xTeetsnJiDsTc7TYCLFd9+/WNkIqPTxiM/8pSd8VIrhXGTf1Ny1q1hquVqDJB5w==",
      "requires": {
        "domelementtype": "^2.3.0"
      }
    },
    "domutils": {
      "version": "3.1.0",
      "resolved": "https://registry.npmjs.org/domutils/-/domutils-3.1.0.tgz",
      "integrity": "sha512-H78uMmQtI2AhgDJjWeQmHwJJ2bLPD3GMmO7Zja/ZZh84wkm+4ut+IUnUdRa8uCGX88DiVx1j6FRe1XfxEgjEZA==",
      "requires": {
        "dom-serializer": "^2.0.0",
        "domelementtype": "^2.3.0",
        "domhandler": "^5.0.3"
      }
    },
    "dotenv": {
      "version": "16.3.1",
      "resolved": "https://registry.npmjs.org/dotenv/-/dotenv-16.3.1.tgz",
      "integrity": "sha512-IPzF4w4/Rd94bA9imS68tZBaYyBWSCE47V1RGuMrB94iyTOIEwRmVL2x/4An+6mETpLrKJ5hQkB8W4kFAadeIQ=="
    },
    "ecdsa-sig-formatter": {
      "version": "1.0.11",
      "resolved": "https://registry.npmjs.org/ecdsa-sig-formatter/-/ecdsa-sig-formatter-1.0.11.tgz",
      "integrity": "sha512-nagl3RYrbNv6kQkeJIpt6NJZy8twLB/2vtz6yN9Z4vRKHN4/QZJIEbqohALSgwKdnksuY3k5Addp5lg8sVoVcQ==",
      "requires": {
        "safe-buffer": "^5.0.1"
      }
    },
    "entities": {
      "version": "4.5.0",
      "resolved": "https://registry.npmjs.org/entities/-/entities-4.5.0.tgz",
      "integrity": "sha512-V0hjH4dGPh9Ao5p0MoRY6BVqtwCjhz6vI5LT8AJ55H+4g9/4vbHx1I54fS0XuclLhDHArPQCiMjDxjaL8fPxhw=="
    },
    "events": {
      "version": "3.3.0",
      "resolved": "https://registry.npmjs.org/events/-/events-3.3.0.tgz",
      "integrity": "sha512-mQw+2fkQbALzQ7V0MY0IqdnXNOeTtP4r0lN9z7AAawCXgqea7bDii20AYrIBrFd/Hx0M2Ocz6S111CaFkUcb0Q=="
    },
    "fast-levenshtein": {
      "version": "3.0.0",
      "resolved": "https://registry.npmjs.org/fast-levenshtein/-/fast-levenshtein-3.0.0.tgz",
      "integrity": "sha512-hKKNajm46uNmTlhHSyZkmToAc56uZJwYq7yrciZjqOxnlfQwERDQJmHPUp7m1m9wx8vgOe8IaCKZ5Kv2k1DdCQ==",
      "requires": {
        "fastest-levenshtein": "^1.0.7"
      }
    },
    "fastest-levenshtein": {
      "version": "1.0.16",
      "resolved": "https://registry.npmjs.org/fastest-levenshtein/-/fastest-levenshtein-1.0.16.tgz",
      "integrity": "sha512-eRnCtTTtGZFpQCwhJiUOuxPQWRXVKYDn0b2PeHfXL6/Zi53SLAzAHfVhVWK2AryC/WH05kGfxhFIPvTF0SXQzg=="
    },
    "flat": {
      "version": "4.1.1",
      "resolved": "https://registry.npmjs.org/flat/-/flat-4.1.1.tgz",
      "integrity": "sha512-FmTtBsHskrU6FJ2VxCnsDb84wu9zhmO3cUX2kGFb5tuwhfXxGciiT0oRY+cck35QmG+NmGh5eLz6lLCpWTqwpA==",
      "requires": {
        "is-buffer": "~2.0.3"
      }
    },
    "form-data": {
      "version": "4.0.0",
      "resolved": "https://registry.npmjs.org/form-data/-/form-data-4.0.0.tgz",
      "integrity": "sha512-ETEklSGi5t0QMZuiXoA/Q6vcnxcLQP5vdugSpuAyi6SVGi2clPPp+xgEhuMaHC+zGgn31Kd235W35f7Hykkaww==",
      "requires": {
        "asynckit": "^0.4.0",
        "combined-stream": "^1.0.8",
        "mime-types": "^2.1.12"
      }
    },
    "frac": {
      "version": "1.1.2",
      "resolved": "https://registry.npmjs.org/frac/-/frac-1.1.2.tgz",
      "integrity": "sha512-w/XBfkibaTl3YDqASwfDUqkna4Z2p9cFSr1aHDt0WoMTECnRfBOv2WArlZILlqgWlmdIlALXGpM2AOhEk5W3IA=="
    },
    "fsevents": {
      "version": "2.3.3",
      "resolved": "https://registry.npmjs.org/fsevents/-/fsevents-2.3.3.tgz",
      "integrity": "sha512-5xoDfX+fL7faATnagmWPpbFtwh/R77WmMMqqHGS65C3vvB0YHrgF+B1YmZ3441tMj5n63k0212XNoJwzlhffQw==",
      "optional": true
    },
    "html-to-text": {
      "version": "9.0.5",
      "resolved": "https://registry.npmjs.org/html-to-text/-/html-to-text-9.0.5.tgz",
      "integrity": "sha512-qY60FjREgVZL03vJU6IfMV4GDjGBIoOyvuFdpBDIX9yTlDw0TjxVBQp+P8NvpdIXNJvfWBTNul7fsAQJq2FNpg==",
      "requires": {
        "@selderee/plugin-htmlparser2": "^0.11.0",
        "deepmerge": "^4.3.1",
        "dom-serializer": "^2.0.0",
        "htmlparser2": "^8.0.2",
        "selderee": "^0.11.0"
      }
    },
    "htmlparser2": {
      "version": "8.0.2",
      "resolved": "https://registry.npmjs.org/htmlparser2/-/htmlparser2-8.0.2.tgz",
      "integrity": "sha512-GYdjWKDkbRLkZ5geuHs5NY1puJ+PXwP7+fHPRz06Eirsb9ugf6d8kkXav6ADhcODhFFPMIXyxkxSuMf3D6NCFA==",
      "requires": {
        "domelementtype": "^2.3.0",
        "domhandler": "^5.0.3",
        "domutils": "^3.0.1",
        "entities": "^4.4.0"
      }
    },
    "http-proxy-agent": {
      "version": "5.0.0",
      "resolved": "https://registry.npmjs.org/http-proxy-agent/-/http-proxy-agent-5.0.0.tgz",
      "integrity": "sha512-n2hY8YdoRE1i7r6M0w9DIw5GgZN0G25P8zLCRQ8rjXtTU3vsNFBI/vWK/UIeE6g5MUUz6avwAPXmL6Fy9D/90w==",
      "requires": {
        "@tootallnate/once": "2",
        "agent-base": "6",
        "debug": "4"
      }
    },
    "https-proxy-agent": {
      "version": "5.0.1",
      "resolved": "https://registry.npmjs.org/https-proxy-agent/-/https-proxy-agent-5.0.1.tgz",
      "integrity": "sha512-dFcAjpTQFgoLMzC2VwU+C/CbS7uRL0lWmxDITmqm7C+7F0Odmj6s9l6alZc6AELXhrnggM2CeWSXHGOdX2YtwA==",
      "requires": {
        "agent-base": "6",
        "debug": "4"
      }
    },
    "is-buffer": {
      "version": "2.0.5",
      "resolved": "https://registry.npmjs.org/is-buffer/-/is-buffer-2.0.5.tgz",
      "integrity": "sha512-i2R6zNFDwgEHJyQUtJEk0XFi1i0dPFn/oqjK3/vPCcDeJvW5NQ83V8QbicfF1SupOaB0h8ntgBC2YiE7dfyctQ=="
    },
    "is-docker": {
      "version": "2.2.1",
      "resolved": "https://registry.npmjs.org/is-docker/-/is-docker-2.2.1.tgz",
      "integrity": "sha512-F+i2BKsFrH66iaUFc0woD8sLy8getkwTwtOBjvs56Cx4CgJDeKQeqfz8wAYiSb8JOprWhHH5p77PbmYCvvUuXQ=="
    },
    "is-wsl": {
      "version": "2.2.0",
      "resolved": "https://registry.npmjs.org/is-wsl/-/is-wsl-2.2.0.tgz",
      "integrity": "sha512-fKzAra0rGJUUBwGBgNkHZuToZcn+TtXHpeCgmkMJMMYx1sQDYaCSyjJBSCa2nH1DGm7s3n1oBnohoVTBaN7Lww==",
      "requires": {
        "is-docker": "^2.0.0"
      }
    },
    "isomorphic-fetch": {
      "version": "3.0.0",
      "resolved": "https://registry.npmjs.org/isomorphic-fetch/-/isomorphic-fetch-3.0.0.tgz",
      "integrity": "sha512-qvUtwJ3j6qwsF3jLxkZ72qCgjMysPzDfeV240JHiGZsANBYd+EEuu35v7dfrJ9Up0Ak07D7GGSkGhCHTqg/5wA==",
      "requires": {
        "node-fetch": "^2.6.1",
        "whatwg-fetch": "^3.4.1"
      }
    },
    "json-to-csv": {
      "version": "1.0.0",
      "resolved": "https://registry.npmjs.org/json-to-csv/-/json-to-csv-1.0.0.tgz",
      "integrity": "sha512-qOzFqlzM2E3GitqK2SWGigAf6sGPS+06arFjXJK3sFluWvS4Jol3FcMPBbS3aawQZ11ZuWubFMepl7xiFl4qhQ==",
      "requires": {
        "json2csv": "^3.4.2",
        "ramda": "^0.21.0"
      }
    },
    "json2csv": {
      "version": "3.11.5",
      "resolved": "https://registry.npmjs.org/json2csv/-/json2csv-3.11.5.tgz",
      "integrity": "sha512-ORsw84BuRKMLxfI+HFZuvxRDnsJps53D5fIGr6tLn4ZY+ymcG8XU00E+JJ2wfAiHx5w2QRNmOLE8xHiGAeSfuQ==",
      "requires": {
        "cli-table": "^0.3.1",
        "commander": "^2.8.1",
        "debug": "^3.1.0",
        "flat": "^4.0.0",
        "lodash.clonedeep": "^4.5.0",
        "lodash.flatten": "^4.4.0",
        "lodash.get": "^4.4.0",
        "lodash.set": "^4.3.0",
        "lodash.uniq": "^4.5.0",
        "path-is-absolute": "^1.0.0"
      },
      "dependencies": {
        "debug": {
          "version": "3.2.7",
          "resolved": "https://registry.npmjs.org/debug/-/debug-3.2.7.tgz",
          "integrity": "sha512-CFjzYYAi4ThfiQvizrFQevTTXHtnCqWfe7x1AhgEscTz6ZbLbfoLRLPugTQyBth6f8ZERVUSyWHFD/7Wu4t1XQ==",
          "requires": {
            "ms": "^2.1.1"
          }
        }
      }
    },
    "jsonwebtoken": {
      "version": "9.0.2",
      "resolved": "https://registry.npmjs.org/jsonwebtoken/-/jsonwebtoken-9.0.2.tgz",
      "integrity": "sha512-PRp66vJ865SSqOlgqS8hujT5U4AOgMfhrwYIuIhfKaoSCZcirrmASQr8CX7cUg+RMih+hgznrjp99o+W4pJLHQ==",
      "requires": {
        "jws": "^3.2.2",
        "lodash.includes": "^4.3.0",
        "lodash.isboolean": "^3.0.3",
        "lodash.isinteger": "^4.0.4",
        "lodash.isnumber": "^3.0.3",
        "lodash.isplainobject": "^4.0.6",
        "lodash.isstring": "^4.0.1",
        "lodash.once": "^4.0.0",
        "ms": "^2.1.1",
        "semver": "^7.5.4"
      },
      "dependencies": {
        "jws": {
          "version": "3.2.2",
          "resolved": "https://registry.npmjs.org/jws/-/jws-3.2.2.tgz",
          "integrity": "sha512-YHlZCB6lMTllWDtSPHz/ZXTsi8S00usEV6v1tjq8tOUZzw7DpSDWVXjXDre6ed1w/pd495ODpHZYSdkRTsa0HA==",
          "requires": {
            "jwa": "^1.4.1",
            "safe-buffer": "^5.0.1"
          }
        }
      }
    },
    "jwa": {
      "version": "1.4.1",
      "resolved": "https://registry.npmjs.org/jwa/-/jwa-1.4.1.tgz",
      "integrity": "sha512-qiLX/xhEEFKUAJ6FiBMbes3w9ATzyk5W7Hvzpa/SLYdxNtng+gcurvrI7TbACjIXlsJyr05/S1oUhZrc63evQA==",
      "requires": {
        "buffer-equal-constant-time": "1.0.1",
        "ecdsa-sig-formatter": "1.0.11",
        "safe-buffer": "^5.0.1"
      }
    },
    "jws": {
      "version": "4.0.0",
      "resolved": "https://registry.npmjs.org/jws/-/jws-4.0.0.tgz",
      "integrity": "sha512-KDncfTmOZoOMTFG4mBlG0qUIOlc03fmzH+ru6RgYVZhPkyiy/92Owlt/8UEN+a4TXR1FQetfIpJE8ApdvdVxTg==",
      "requires": {
        "jwa": "^2.0.0",
        "safe-buffer": "^5.0.1"
      },
      "dependencies": {
        "jwa": {
          "version": "2.0.0",
          "resolved": "https://registry.npmjs.org/jwa/-/jwa-2.0.0.tgz",
          "integrity": "sha512-jrZ2Qx916EA+fq9cEAeCROWPTfCwi1IVHqT2tapuqLEVVDKFDENFw1oL+MwrTvH6msKxsd1YTDVw6uKEcsrLEA==",
          "requires": {
            "buffer-equal-constant-time": "1.0.1",
            "ecdsa-sig-formatter": "1.0.11",
            "safe-buffer": "^5.0.1"
          }
        }
      }
    },
    "leac": {
      "version": "0.6.0",
      "resolved": "https://registry.npmjs.org/leac/-/leac-0.6.0.tgz",
      "integrity": "sha512-y+SqErxb8h7nE/fiEX07jsbuhrpO9lL8eca7/Y1nuWV2moNlXhyd59iDGcRf6moVyDMbmTNzL40SUyrFU/yDpg=="
    },
    "lodash.clonedeep": {
      "version": "4.5.0",
      "resolved": "https://registry.npmjs.org/lodash.clonedeep/-/lodash.clonedeep-4.5.0.tgz",
      "integrity": "sha512-H5ZhCF25riFd9uB5UCkVKo61m3S/xZk1x4wA6yp/L3RFP6Z/eHH1ymQcGLo7J3GMPfm0V/7m1tryHuGVxpqEBQ=="
    },
    "lodash.flatten": {
      "version": "4.4.0",
      "resolved": "https://registry.npmjs.org/lodash.flatten/-/lodash.flatten-4.4.0.tgz",
      "integrity": "sha512-C5N2Z3DgnnKr0LOpv/hKCgKdb7ZZwafIrsesve6lmzvZIRZRGaZ/l6Q8+2W7NaT+ZwO3fFlSCzCzrDCFdJfZ4g=="
    },
    "lodash.get": {
      "version": "4.4.2",
      "resolved": "https://registry.npmjs.org/lodash.get/-/lodash.get-4.4.2.tgz",
      "integrity": "sha512-z+Uw/vLuy6gQe8cfaFWD7p0wVv8fJl3mbzXh33RS+0oW2wvUqiRXiQ69gLWSLpgB5/6sU+r6BlQR0MBILadqTQ=="
    },
    "lodash.includes": {
      "version": "4.3.0",
      "resolved": "https://registry.npmjs.org/lodash.includes/-/lodash.includes-4.3.0.tgz",
      "integrity": "sha512-W3Bx6mdkRTGtlJISOvVD/lbqjTlPPUDTMnlXZFnVwi9NKJ6tiAk6LVdlhZMm17VZisqhKcgzpO5Wz91PCt5b0w=="
    },
    "lodash.isboolean": {
      "version": "3.0.3",
      "resolved": "https://registry.npmjs.org/lodash.isboolean/-/lodash.isboolean-3.0.3.tgz",
      "integrity": "sha512-Bz5mupy2SVbPHURB98VAcw+aHh4vRV5IPNhILUCsOzRmsTmSQ17jIuqopAentWoehktxGd9e/hbIXq980/1QJg=="
    },
    "lodash.isinteger": {
      "version": "4.0.4",
      "resolved": "https://registry.npmjs.org/lodash.isinteger/-/lodash.isinteger-4.0.4.tgz",
      "integrity": "sha512-DBwtEWN2caHQ9/imiNeEA5ys1JoRtRfY3d7V9wkqtbycnAmTvRRmbHKDV4a0EYc678/dia0jrte4tjYwVBaZUA=="
    },
    "lodash.isnumber": {
      "version": "3.0.3",
      "resolved": "https://registry.npmjs.org/lodash.isnumber/-/lodash.isnumber-3.0.3.tgz",
      "integrity": "sha512-QYqzpfwO3/CWf3XP+Z+tkQsfaLL/EnUlXWVkIk5FUPc4sBdTehEqZONuyRt2P67PXAk+NXmTBcc97zw9t1FQrw=="
    },
    "lodash.isplainobject": {
      "version": "4.0.6",
      "resolved": "https://registry.npmjs.org/lodash.isplainobject/-/lodash.isplainobject-4.0.6.tgz",
      "integrity": "sha512-oSXzaWypCMHkPC3NvBEaPHf0KsA5mvPrOPgQWDsbg8n7orZ290M0BmC/jgRZ4vcJ6DTAhjrsSYgdsW/F+MFOBA=="
    },
    "lodash.isstring": {
      "version": "4.0.1",
      "resolved": "https://registry.npmjs.org/lodash.isstring/-/lodash.isstring-4.0.1.tgz",
      "integrity": "sha512-0wJxfxH1wgO3GrbuP+dTTk7op+6L41QCXbGINEmD+ny/G/eCqGzxyCsh7159S+mgDDcoarnBw6PC1PS5+wUGgw=="
    },
    "lodash.once": {
      "version": "4.1.1",
      "resolved": "https://registry.npmjs.org/lodash.once/-/lodash.once-4.1.1.tgz",
      "integrity": "sha512-Sb487aTOCr9drQVL8pIxOzVhafOjZN9UU54hiN8PU3uAiSV7lx1yYNpbNmex2PK6dSJoNTSJUUswT651yww3Mg=="
    },
    "lodash.set": {
      "version": "4.3.2",
      "resolved": "https://registry.npmjs.org/lodash.set/-/lodash.set-4.3.2.tgz",
      "integrity": "sha512-4hNPN5jlm/N/HLMCO43v8BXKq9Z7QdAGc/VGrRD61w8gN9g/6jF9A4L1pbUgBLCffi0w9VsXfTOij5x8iTyFvg=="
    },
    "lodash.uniq": {
      "version": "4.5.0",
      "resolved": "https://registry.npmjs.org/lodash.uniq/-/lodash.uniq-4.5.0.tgz",
      "integrity": "sha512-xfBaXQd9ryd9dlSDvnvI0lvxfLJlYAZzXomUYzLKtUeOQvOP5piqAWuGtrhWeqaXK9hhoM/iyJc5AV+XfsX3HQ=="
    },
    "lru-cache": {
      "version": "6.0.0",
      "resolved": "https://registry.npmjs.org/lru-cache/-/lru-cache-6.0.0.tgz",
      "integrity": "sha512-Jo6dJ04CmSjuznwJSS3pUeWmd/H0ffTlkXXgwZi+eq1UCmqQwCh+eLsYOYCwY991i2Fah4h1BEMCx4qThGbsiA==",
      "requires": {
        "yallist": "^4.0.0"
      }
    },
    "mime-db": {
      "version": "1.52.0",
      "resolved": "https://registry.npmjs.org/mime-db/-/mime-db-1.52.0.tgz",
      "integrity": "sha512-sPU4uV7dYlvtWJxwwxHD0PuihVNiE7TyAbQ5SWxDCB9mUYvOgroQOwYQQOKPJ8CIbE+1ETVlOoK1UC2nU3gYvg=="
    },
    "mime-types": {
      "version": "2.1.35",
      "resolved": "https://registry.npmjs.org/mime-types/-/mime-types-2.1.35.tgz",
      "integrity": "sha512-ZDY+bPm5zTTF+YpCrAU9nK0UgICYPT0QtT1NZWFv4s++TNkcgVaT0g6+4R2uI4MjQjzysHB1zxuWL50hzaeXiw==",
      "requires": {
        "mime-db": "1.52.0"
      }
    },
    "ms": {
      "version": "2.1.2",
      "resolved": "https://registry.npmjs.org/ms/-/ms-2.1.2.tgz",
      "integrity": "sha512-sGkPx+VjMtmA6MX27oA4FBFELFCZZ4S4XqeGOXCv68tT+jb3vk/RyaKWP0PTKyWtmLSM0b+adUTEvbs1PEaH2w=="
    },
    "node-fetch": {
      "version": "2.7.0",
      "resolved": "https://registry.npmjs.org/node-fetch/-/node-fetch-2.7.0.tgz",
      "integrity": "sha512-c4FRfUm/dbcWZ7U+1Wq0AwCyFL+3nt2bEw05wfxSz+DWpWsitgmSgYmy2dQdWyKC1694ELPqMs/YzUSNozLt8A==",
      "requires": {
        "whatwg-url": "^5.0.0"
      }
    },
    "open": {
      "version": "8.4.2",
      "resolved": "https://registry.npmjs.org/open/-/open-8.4.2.tgz",
      "integrity": "sha512-7x81NCL719oNbsq/3mh+hVrAWmFuEYUqrq/Iw3kUzH8ReypT9QQ0BLoJS7/G9k6N81XjW4qHWtjWwe/9eLy1EQ==",
      "requires": {
        "define-lazy-prop": "^2.0.0",
        "is-docker": "^2.1.1",
        "is-wsl": "^2.2.0"
      }
    },
    "parseley": {
      "version": "0.12.1",
      "resolved": "https://registry.npmjs.org/parseley/-/parseley-0.12.1.tgz",
      "integrity": "sha512-e6qHKe3a9HWr0oMRVDTRhKce+bRO8VGQR3NyVwcjwrbhMmFCX9KszEV35+rn4AdilFAq9VPxP/Fe1wC9Qjd2lw==",
      "requires": {
        "leac": "^0.6.0",
        "peberminta": "^0.9.0"
      }
    },
    "parseurl": {
      "version": "1.3.3",
      "resolved": "https://registry.npmjs.org/parseurl/-/parseurl-1.3.3.tgz",
      "integrity": "sha512-CiyeOxFT/JZyN5m0z9PfXw4SCBJ6Sygz1Dpl0wqjlhDEGGBP1GnsUVEL0p63hoG1fcj3fHynXi9NYO4nWOL+qQ=="
    },
    "path-is-absolute": {
      "version": "1.0.1",
      "resolved": "https://registry.npmjs.org/path-is-absolute/-/path-is-absolute-1.0.1.tgz",
      "integrity": "sha512-AVbw3UJ2e9bq64vSaS9Am0fje1Pa8pbGqTTsmXfaIiMpnr5DlDhfJOuLj9Sf95ZPVDAUerDfEk88MPmPe7UCQg=="
    },
    "peberminta": {
      "version": "0.9.0",
      "resolved": "https://registry.npmjs.org/peberminta/-/peberminta-0.9.0.tgz",
      "integrity": "sha512-XIxfHpEuSJbITd1H3EeQwpcZbTLHc+VVr8ANI9t5sit565tsI4/xK3KWTUFE2e6QiangUkh3B0jihzmGnNrRsQ=="
    },
    "ramda": {
      "version": "0.21.0",
      "resolved": "https://registry.npmjs.org/ramda/-/ramda-0.21.0.tgz",
      "integrity": "sha512-HGd5aczYKQXGILB+abY290V7Xz62eFajpa6AtMdwEmQSakJmgSO7ks4eI3HdR34j+X2Vz4Thp9VAJbrCAMbO2w=="
    },
    "readline-sync": {
      "version": "1.4.10",
      "resolved": "https://registry.npmjs.org/readline-sync/-/readline-sync-1.4.10.tgz",
      "integrity": "sha512-gNva8/6UAe8QYepIQH/jQ2qn91Qj0B9sYjMBBs3QOB8F2CXcKgLxQaJRP76sWVRQt+QU+8fAkCbCvjjMFu7Ycw=="
    },
    "regenerator-runtime": {
      "version": "0.14.0",
      "resolved": "https://registry.npmjs.org/regenerator-runtime/-/regenerator-runtime-0.14.0.tgz",
      "integrity": "sha512-srw17NI0TUWHuGa5CFGGmhfNIeja30WMBfbslPNhf6JrqQlLN5gcrvig1oqPxiVaXb0oW0XRKtH6Nngs5lKCIA=="
    },
    "safe-buffer": {
      "version": "5.2.1",
      "resolved": "https://registry.npmjs.org/safe-buffer/-/safe-buffer-5.2.1.tgz",
      "integrity": "sha512-rp3So07KcdmmKbGvgaNxQSJr7bGVSVk5S9Eq1F+ppbRo70+YeaDxkw5Dd8NPN+GD6bjnYm2VuPuCXmpuYvmCXQ=="
    },
    "selderee": {
      "version": "0.11.0",
      "resolved": "https://registry.npmjs.org/selderee/-/selderee-0.11.0.tgz",
      "integrity": "sha512-5TF+l7p4+OsnP8BCCvSyZiSPc4x4//p5uPwK8TCnVPJYRmU2aYKMpOXvw8zM5a5JvuuCGN1jmsMwuU2W02ukfA==",
      "requires": {
        "parseley": "^0.12.0"
      }
    },
    "semver": {
      "version": "7.5.4",
      "resolved": "https://registry.npmjs.org/semver/-/semver-7.5.4.tgz",
      "integrity": "sha512-1bCSESV6Pv+i21Hvpxp3Dx+pSD8lIPt8uVjRrxAUt/nbswYc+tK6Y2btiULjd4+fnq15PX+nqQDC7Oft7WkwcA==",
      "requires": {
        "lru-cache": "^6.0.0"
      }
    },
    "ssf": {
      "version": "0.11.2",
      "resolved": "https://registry.npmjs.org/ssf/-/ssf-0.11.2.tgz",
      "integrity": "sha512-+idbmIXoYET47hH+d7dfm2epdOMUDjqcB4648sTZ+t2JwoyBFL/insLfB/racrDmsKB3diwsDA696pZMieAC5g==",
      "requires": {
        "frac": "~1.1.2"
      }
    },
    "stoppable": {
      "version": "1.1.0",
      "resolved": "https://registry.npmjs.org/stoppable/-/stoppable-1.1.0.tgz",
      "integrity": "sha512-KXDYZ9dszj6bzvnEMRYvxgeTHU74QBFL54XKtP3nyMuJ81CFYtABZ3bAzL2EdFUaEwJOBOgENyFj3R7oTzDyyw=="
    },
    "tr46": {
      "version": "0.0.3",
      "resolved": "https://registry.npmjs.org/tr46/-/tr46-0.0.3.tgz",
      "integrity": "sha512-N3WMsuqV66lT30CrXNbEjx4GEwlow3v6rr4mCcv6prnfwhS01rkgyFdjPNBYd9br7LpXV1+Emh01fHnq2Gdgrw=="
    },
    "tslib": {
      "version": "2.6.2",
      "resolved": "https://registry.npmjs.org/tslib/-/tslib-2.6.2.tgz",
      "integrity": "sha512-AEYxH93jGFPn/a2iVAwW87VuUIkR1FVUKB77NwMF7nBTDkDrrT/Hpt/IrCJ0QXhW27jTBDcf5ZY7w6RiqTMw2Q=="
    },
    "uuid": {
      "version": "8.3.2",
      "resolved": "https://registry.npmjs.org/uuid/-/uuid-8.3.2.tgz",
      "integrity": "sha512-+NYs2QeMWy+GWFOEm9xnn6HCDp0l7QBD7ml8zLUmJ+93Q5NF0NocErnwkTkXVFNiX3/fpC6afS8Dhb/gz7R7eg=="
    },
    "webidl-conversions": {
      "version": "3.0.1",
      "resolved": "https://registry.npmjs.org/webidl-conversions/-/webidl-conversions-3.0.1.tgz",
      "integrity": "sha512-2JAn3z8AR6rjK8Sm8orRC0h/bcl/DqL7tRPdGZ4I1CjdF+EaMLmYxBHyXuKL849eucPFhvBoxMsflfOb8kxaeQ=="
    },
    "whatwg-fetch": {
      "version": "3.6.19",
      "resolved": "https://registry.npmjs.org/whatwg-fetch/-/whatwg-fetch-3.6.19.tgz",
      "integrity": "sha512-d67JP4dHSbm2TrpFj8AbO8DnL1JXL5J9u0Kq2xW6d0TFDbCA3Muhdt8orXC22utleTVj7Prqt82baN6RBvnEgw=="
    },
    "whatwg-url": {
      "version": "5.0.0",
      "resolved": "https://registry.npmjs.org/whatwg-url/-/whatwg-url-5.0.0.tgz",
      "integrity": "sha512-saE57nupxk6v3HY35+jzBwYa0rKSy0XR8JSxZPwgLr7ys0IBzhGviA1/TUGJLmSVqs8pb9AnvICXEuOHLprYTw==",
      "requires": {
        "tr46": "~0.0.3",
        "webidl-conversions": "^3.0.0"
      }
    },
    "wmf": {
      "version": "1.0.2",
      "resolved": "https://registry.npmjs.org/wmf/-/wmf-1.0.2.tgz",
      "integrity": "sha512-/p9K7bEh0Dj6WbXg4JG0xvLQmIadrner1bi45VMJTfnbVHsc7yIajZyoSoK60/dtVBs12Fm6WkUI5/3WAVsNMw=="
    },
    "word": {
      "version": "0.3.0",
      "resolved": "https://registry.npmjs.org/word/-/word-0.3.0.tgz",
      "integrity": "sha512-OELeY0Q61OXpdUfTp+oweA/vtLVg5VDOXh+3he3PNzLGG/y0oylSOC1xRVj0+l4vQ3tj/bB1HVHv1ocXkQceFA=="
    },
    "xlsx": {
      "version": "0.18.5",
      "resolved": "https://registry.npmjs.org/xlsx/-/xlsx-0.18.5.tgz",
      "integrity": "sha512-dmg3LCjBPHZnQp5/F/+nnTa+miPJxUXB6vtk42YjBBKayDNagxGEeIdWApkYPOf3Z3pm3k62Knjzp7lMeTEtFQ==",
      "requires": {
        "adler-32": "~1.3.0",
        "cfb": "~1.2.1",
        "codepage": "~1.15.0",
        "crc-32": "~1.2.1",
        "ssf": "~0.11.2",
        "wmf": "~1.0.1",
        "word": "~0.3.0"
      }
    },
    "yallist": {
      "version": "4.0.0",
      "resolved": "https://registry.npmjs.org/yallist/-/yallist-4.0.0.tgz",
      "integrity": "sha512-3wdGidZyq5PB084XLES5TpOSRA3wjXAlIWMhum2kRcv/41Sn2emQ0dycQW4uZXLejwKvg6EsvbdlVL+FYEct7A=="
    }
  }
}
